<?xml version="1.0" encoding="utf-8"?>
<Project ToolsVersion="16.0" xmlns="http://schemas.microsoft.com/developer/msbuild/2003">
  <ItemGroup>
    <ClCompile Include="C:\Users\migue\Source\Repos\DownD\Down-sInjector\Blackbone\src\Samples\Main.cpp">
      <Filter>Source Files</Filter>
    </ClCompile>
    <ClCompile Include="C:\Users\migue\Source\Repos\DownD\Down-sInjector\Blackbone\src\Samples\ManualMap.cpp">
      <Filter>Source Files</Filter>
    </ClCompile>
  </ItemGroup>
  <ItemGroup>
    <CustomBuild Include="C:\Users\migue\Source\Repos\DownD\Down-sInjector\Blackbone\src\Samples\CMakeLists.txt" />
  </ItemGroup>
  <ItemGroup>
    <Filter Include="Source Files">
      <UniqueIdentifier>{C3A6396B-7E88-31AA-9DF1-33276040FA9B}</UniqueIdentifier>
    </Filter>
  </ItemGroup>
</Project>
