<?xml version="1.0" encoding="utf-8"?>
<Project ToolsVersion="16.0" xmlns="http://schemas.microsoft.com/developer/msbuild/2003">
  <ItemGroup>
    <ClCompile Include="C:\Users\migue\Source\Repos\DownD\Down-sInjector\Blackbone\src\3rd_party\AsmJit\base\assembler.cpp">
      <Filter>AsmJit\Core</Filter>
    </ClCompile>
    <ClCompile Include="C:\Users\migue\Source\Repos\DownD\Down-sInjector\Blackbone\src\3rd_party\AsmJit\base\codegen.cpp">
      <Filter>AsmJit\Core</Filter>
    </ClCompile>
    <ClCompile Include="C:\Users\migue\Source\Repos\DownD\Down-sInjector\Blackbone\src\3rd_party\AsmJit\base\constpool.cpp">
      <Filter>AsmJit\Core</Filter>
    </ClCompile>
    <ClCompile Include="C:\Users\migue\Source\Repos\DownD\Down-sInjector\Blackbone\src\3rd_party\AsmJit\base\containers.cpp">
      <Filter>AsmJit\Core</Filter>
    </ClCompile>
    <ClCompile Include="C:\Users\migue\Source\Repos\DownD\Down-sInjector\Blackbone\src\3rd_party\AsmJit\base\cpuinfo.cpp">
      <Filter>AsmJit\Core</Filter>
    </ClCompile>
    <ClCompile Include="C:\Users\migue\Source\Repos\DownD\Down-sInjector\Blackbone\src\3rd_party\AsmJit\base\cputicks.cpp">
      <Filter>AsmJit\Core</Filter>
    </ClCompile>
    <ClCompile Include="C:\Users\migue\Source\Repos\DownD\Down-sInjector\Blackbone\src\3rd_party\AsmJit\base\error.cpp">
      <Filter>AsmJit\Core</Filter>
    </ClCompile>
    <ClCompile Include="C:\Users\migue\Source\Repos\DownD\Down-sInjector\Blackbone\src\3rd_party\AsmJit\base\globals.cpp">
      <Filter>AsmJit\Core</Filter>
    </ClCompile>
    <ClCompile Include="C:\Users\migue\Source\Repos\DownD\Down-sInjector\Blackbone\src\3rd_party\AsmJit\base\operand.cpp">
      <Filter>AsmJit\Core</Filter>
    </ClCompile>
    <ClCompile Include="C:\Users\migue\Source\Repos\DownD\Down-sInjector\Blackbone\src\3rd_party\AsmJit\base\runtime.cpp">
      <Filter>AsmJit\Core</Filter>
    </ClCompile>
    <ClCompile Include="C:\Users\migue\Source\Repos\DownD\Down-sInjector\Blackbone\src\3rd_party\AsmJit\base\string.cpp">
      <Filter>AsmJit\Core</Filter>
    </ClCompile>
    <ClCompile Include="C:\Users\migue\Source\Repos\DownD\Down-sInjector\Blackbone\src\3rd_party\AsmJit\base\vmem.cpp">
      <Filter>AsmJit\Core</Filter>
    </ClCompile>
    <ClCompile Include="C:\Users\migue\Source\Repos\DownD\Down-sInjector\Blackbone\src\3rd_party\AsmJit\base\zone.cpp">
      <Filter>AsmJit\Core</Filter>
    </ClCompile>
    <ClCompile Include="C:\Users\migue\Source\Repos\DownD\Down-sInjector\Blackbone\src\3rd_party\AsmJit\x86\x86assembler.cpp">
      <Filter>AsmJit\Core</Filter>
    </ClCompile>
    <ClCompile Include="C:\Users\migue\Source\Repos\DownD\Down-sInjector\Blackbone\src\3rd_party\AsmJit\x86\x86cpuinfo.cpp">
      <Filter>AsmJit\Core</Filter>
    </ClCompile>
    <ClCompile Include="C:\Users\migue\Source\Repos\DownD\Down-sInjector\Blackbone\src\3rd_party\AsmJit\x86\x86inst.cpp">
      <Filter>AsmJit\Core</Filter>
    </ClCompile>
    <ClCompile Include="C:\Users\migue\Source\Repos\DownD\Down-sInjector\Blackbone\src\3rd_party\AsmJit\x86\x86operand.cpp">
      <Filter>AsmJit\Core</Filter>
    </ClCompile>
    <ClCompile Include="C:\Users\migue\Source\Repos\DownD\Down-sInjector\Blackbone\src\3rd_party\AsmJit\x86\x86operand_regs.cpp">
      <Filter>AsmJit\Core</Filter>
    </ClCompile>
    <ClCompile Include="C:\Users\migue\Source\Repos\DownD\Down-sInjector\Blackbone\src\BlackBone\Asm\AsmHelper32.cpp">
      <Filter>AsmJit\Helpers</Filter>
    </ClCompile>
    <ClCompile Include="C:\Users\migue\Source\Repos\DownD\Down-sInjector\Blackbone\src\BlackBone\Asm\AsmHelper64.cpp">
      <Filter>AsmJit\Helpers</Filter>
    </ClCompile>
    <ClCompile Include="C:\Users\migue\Source\Repos\DownD\Down-sInjector\Blackbone\src\BlackBone\Asm\LDasm.c">
      <Filter>AsmJit\Helpers</Filter>
    </ClCompile>
    <ClCompile Include="C:\Users\migue\Source\Repos\DownD\Down-sInjector\Blackbone\src\BlackBone\DriverControl\DriverControl.cpp">
      <Filter>DriverControl</Filter>
    </ClCompile>
    <ClCompile Include="C:\Users\migue\Source\Repos\DownD\Down-sInjector\Blackbone\src\BlackBone\LocalHook\LocalHookBase.cpp">
      <Filter>LocalHook</Filter>
    </ClCompile>
    <ClCompile Include="C:\Users\migue\Source\Repos\DownD\Down-sInjector\Blackbone\src\BlackBone\LocalHook\TraceHook.cpp">
      <Filter>LocalHook</Filter>
    </ClCompile>
    <ClCompile Include="C:\Users\migue\Source\Repos\DownD\Down-sInjector\Blackbone\src\BlackBone\ManualMap\MExcept.cpp">
      <Filter>ManualMap</Filter>
    </ClCompile>
    <ClCompile Include="C:\Users\migue\Source\Repos\DownD\Down-sInjector\Blackbone\src\BlackBone\ManualMap\MMap.cpp">
      <Filter>ManualMap</Filter>
    </ClCompile>
    <ClCompile Include="C:\Users\migue\Source\Repos\DownD\Down-sInjector\Blackbone\src\BlackBone\ManualMap\Native\NtLoader.cpp">
      <Filter>ManualMap</Filter>
    </ClCompile>
    <ClCompile Include="C:\Users\migue\Source\Repos\DownD\Down-sInjector\Blackbone\src\BlackBone\Misc\InitOnce.cpp">
      <Filter>Misc</Filter>
    </ClCompile>
    <ClCompile Include="C:\Users\migue\Source\Repos\DownD\Down-sInjector\Blackbone\src\BlackBone\Misc\NameResolve.cpp">
      <Filter>Misc</Filter>
    </ClCompile>
    <ClCompile Include="C:\Users\migue\Source\Repos\DownD\Down-sInjector\Blackbone\src\BlackBone\Misc\Utils.cpp">
      <Filter>Misc</Filter>
    </ClCompile>
    <ClCompile Include="C:\Users\migue\Source\Repos\DownD\Down-sInjector\Blackbone\src\BlackBone\Patterns\PatternSearch.cpp">
      <Filter>Patterns</Filter>
    </ClCompile>
    <ClCompile Include="C:\Users\migue\Source\Repos\DownD\Down-sInjector\Blackbone\src\BlackBone\PE\ImageNET.cpp">
      <Filter>PE</Filter>
    </ClCompile>
    <ClCompile Include="C:\Users\migue\Source\Repos\DownD\Down-sInjector\Blackbone\src\BlackBone\PE\PEImage.cpp">
      <Filter>PE</Filter>
    </ClCompile>
    <ClCompile Include="C:\Users\migue\Source\Repos\DownD\Down-sInjector\Blackbone\src\BlackBone\Process\MemBlock.cpp">
      <Filter>Process</Filter>
    </ClCompile>
    <ClCompile Include="C:\Users\migue\Source\Repos\DownD\Down-sInjector\Blackbone\src\BlackBone\Process\Process.cpp">
      <Filter>Process</Filter>
    </ClCompile>
    <ClCompile Include="C:\Users\migue\Source\Repos\DownD\Down-sInjector\Blackbone\src\BlackBone\Process\ProcessCore.cpp">
      <Filter>Process</Filter>
    </ClCompile>
    <ClCompile Include="C:\Users\migue\Source\Repos\DownD\Down-sInjector\Blackbone\src\BlackBone\Process\ProcessMemory.cpp">
      <Filter>Process</Filter>
    </ClCompile>
    <ClCompile Include="C:\Users\migue\Source\Repos\DownD\Down-sInjector\Blackbone\src\BlackBone\Process\ProcessModules.cpp">
      <Filter>Process</Filter>
    </ClCompile>
    <ClCompile Include="C:\Users\migue\Source\Repos\DownD\Down-sInjector\Blackbone\src\BlackBone\Process\RPC\RemoteExec.cpp">
      <Filter>Process\Remote</Filter>
    </ClCompile>
    <ClCompile Include="C:\Users\migue\Source\Repos\DownD\Down-sInjector\Blackbone\src\BlackBone\Process\RPC\RemoteHook.cpp">
      <Filter>Process\Remote</Filter>
    </ClCompile>
    <ClCompile Include="C:\Users\migue\Source\Repos\DownD\Down-sInjector\Blackbone\src\BlackBone\Process\RPC\RemoteLocalHook.cpp">
      <Filter>Process\Remote</Filter>
    </ClCompile>
    <ClCompile Include="C:\Users\migue\Source\Repos\DownD\Down-sInjector\Blackbone\src\BlackBone\Process\RPC\RemoteMemory.cpp">
      <Filter>Process\Remote</Filter>
    </ClCompile>
    <ClCompile Include="C:\Users\migue\Source\Repos\DownD\Down-sInjector\Blackbone\src\BlackBone\Process\Threads\Thread.cpp">
      <Filter>Process\Threads</Filter>
    </ClCompile>
    <ClCompile Include="C:\Users\migue\Source\Repos\DownD\Down-sInjector\Blackbone\src\BlackBone\Process\Threads\Threads.cpp">
      <Filter>Process\Threads</Filter>
    </ClCompile>
    <ClCompile Include="C:\Users\migue\Source\Repos\DownD\Down-sInjector\Blackbone\src\BlackBone\Subsystem\NativeSubsystem.cpp">
      <Filter>Subsystem</Filter>
    </ClCompile>
    <ClCompile Include="C:\Users\migue\Source\Repos\DownD\Down-sInjector\Blackbone\src\BlackBone\Subsystem\Wow64Subsystem.cpp">
      <Filter>Subsystem</Filter>
    </ClCompile>
    <ClCompile Include="C:\Users\migue\Source\Repos\DownD\Down-sInjector\Blackbone\src\BlackBone\Subsystem\x86Subsystem.cpp">
      <Filter>Subsystem</Filter>
    </ClCompile>
    <ClCompile Include="C:\Users\migue\Source\Repos\DownD\Down-sInjector\Blackbone\src\3rd_party\rewolf-wow64ext\src\wow64ext.cpp">
      <Filter>Subsystem</Filter>
    </ClCompile>
    <ClCompile Include="C:\Users\migue\Source\Repos\DownD\Down-sInjector\Blackbone\src\BlackBone\Symbols\PatternLoader.cpp">
      <Filter>Symbols</Filter>
    </ClCompile>
    <ClCompile Include="C:\Users\migue\Source\Repos\DownD\Down-sInjector\Blackbone\src\BlackBone\Symbols\PDBHelper.cpp">
      <Filter>Symbols</Filter>
    </ClCompile>
    <ClCompile Include="C:\Users\migue\Source\Repos\DownD\Down-sInjector\Blackbone\src\BlackBone\Symbols\SymbolData.cpp">
      <Filter>Symbols</Filter>
    </ClCompile>
    <ClCompile Include="C:\Users\migue\Source\Repos\DownD\Down-sInjector\Blackbone\src\BlackBone\Symbols\SymbolLoader.cpp">
      <Filter>Symbols</Filter>
    </ClCompile>
  </ItemGroup>
  <ItemGroup>
    <ClInclude Include="C:\Users\migue\Source\Repos\DownD\Down-sInjector\Blackbone\src\3rd_party\AsmJit\ApiBegin.h">
      <Filter>AsmJit\Core</Filter>
    </ClInclude>
    <ClInclude Include="C:\Users\migue\Source\Repos\DownD\Down-sInjector\Blackbone\src\3rd_party\AsmJit\ApiEnd.h">
      <Filter>AsmJit\Core</Filter>
    </ClInclude>
    <ClInclude Include="C:\Users\migue\Source\Repos\DownD\Down-sInjector\Blackbone\src\3rd_party\AsmJit\AsmJit.h">
      <Filter>AsmJit\Core</Filter>
    </ClInclude>
    <ClInclude Include="C:\Users\migue\Source\Repos\DownD\Down-sInjector\Blackbone\src\3rd_party\AsmJit\base.h">
      <Filter>AsmJit\Core</Filter>
    </ClInclude>
    <ClInclude Include="C:\Users\migue\Source\Repos\DownD\Down-sInjector\Blackbone\src\3rd_party\AsmJit\Build.h">
      <Filter>AsmJit\Core</Filter>
    </ClInclude>
    <ClInclude Include="C:\Users\migue\Source\Repos\DownD\Down-sInjector\Blackbone\src\3rd_party\AsmJit\Config.h">
      <Filter>AsmJit\Core</Filter>
    </ClInclude>
    <ClInclude Include="C:\Users\migue\Source\Repos\DownD\Down-sInjector\Blackbone\src\3rd_party\AsmJit\host.h">
      <Filter>AsmJit\Core</Filter>
    </ClInclude>
    <ClInclude Include="C:\Users\migue\Source\Repos\DownD\Down-sInjector\Blackbone\src\3rd_party\AsmJit\x86.h">
      <Filter>AsmJit\Core</Filter>
    </ClInclude>
    <ClInclude Include="C:\Users\migue\Source\Repos\DownD\Down-sInjector\Blackbone\src\3rd_party\AsmJit\base\assembler.h">
      <Filter>AsmJit\Core</Filter>
    </ClInclude>
    <ClInclude Include="C:\Users\migue\Source\Repos\DownD\Down-sInjector\Blackbone\src\3rd_party\AsmJit\base\codegen.h">
      <Filter>AsmJit\Core</Filter>
    </ClInclude>
    <ClInclude Include="C:\Users\migue\Source\Repos\DownD\Down-sInjector\Blackbone\src\3rd_party\AsmJit\base\compiler.h">
      <Filter>AsmJit\Core</Filter>
    </ClInclude>
    <ClInclude Include="C:\Users\migue\Source\Repos\DownD\Down-sInjector\Blackbone\src\3rd_party\AsmJit\base\constpool.h">
      <Filter>AsmJit\Core</Filter>
    </ClInclude>
    <ClInclude Include="C:\Users\migue\Source\Repos\DownD\Down-sInjector\Blackbone\src\3rd_party\AsmJit\base\containers.h">
      <Filter>AsmJit\Core</Filter>
    </ClInclude>
    <ClInclude Include="C:\Users\migue\Source\Repos\DownD\Down-sInjector\Blackbone\src\3rd_party\AsmJit\base\context_p.h">
      <Filter>AsmJit\Core</Filter>
    </ClInclude>
    <ClInclude Include="C:\Users\migue\Source\Repos\DownD\Down-sInjector\Blackbone\src\3rd_party\AsmJit\base\cpuinfo.h">
      <Filter>AsmJit\Core</Filter>
    </ClInclude>
    <ClInclude Include="C:\Users\migue\Source\Repos\DownD\Down-sInjector\Blackbone\src\3rd_party\AsmJit\base\cputicks.h">
      <Filter>AsmJit\Core</Filter>
    </ClInclude>
    <ClInclude Include="C:\Users\migue\Source\Repos\DownD\Down-sInjector\Blackbone\src\3rd_party\AsmJit\base\error.h">
      <Filter>AsmJit\Core</Filter>
    </ClInclude>
    <ClInclude Include="C:\Users\migue\Source\Repos\DownD\Down-sInjector\Blackbone\src\3rd_party\AsmJit\base\globals.h">
      <Filter>AsmJit\Core</Filter>
    </ClInclude>
    <ClInclude Include="C:\Users\migue\Source\Repos\DownD\Down-sInjector\Blackbone\src\3rd_party\AsmJit\base\intutil.h">
      <Filter>AsmJit\Core</Filter>
    </ClInclude>
    <ClInclude Include="C:\Users\migue\Source\Repos\DownD\Down-sInjector\Blackbone\src\3rd_party\AsmJit\base\lock.h">
      <Filter>AsmJit\Core</Filter>
    </ClInclude>
    <ClInclude Include="C:\Users\migue\Source\Repos\DownD\Down-sInjector\Blackbone\src\3rd_party\AsmJit\base\logger.h">
      <Filter>AsmJit\Core</Filter>
    </ClInclude>
    <ClInclude Include="C:\Users\migue\Source\Repos\DownD\Down-sInjector\Blackbone\src\3rd_party\AsmJit\base\operand.h">
      <Filter>AsmJit\Core</Filter>
    </ClInclude>
    <ClInclude Include="C:\Users\migue\Source\Repos\DownD\Down-sInjector\Blackbone\src\3rd_party\AsmJit\base\runtime.h">
      <Filter>AsmJit\Core</Filter>
    </ClInclude>
    <ClInclude Include="C:\Users\migue\Source\Repos\DownD\Down-sInjector\Blackbone\src\3rd_party\AsmJit\base\string.h">
      <Filter>AsmJit\Core</Filter>
    </ClInclude>
    <ClInclude Include="C:\Users\migue\Source\Repos\DownD\Down-sInjector\Blackbone\src\3rd_party\AsmJit\base\vectypes.h">
      <Filter>AsmJit\Core</Filter>
    </ClInclude>
    <ClInclude Include="C:\Users\migue\Source\Repos\DownD\Down-sInjector\Blackbone\src\3rd_party\AsmJit\base\vmem.h">
      <Filter>AsmJit\Core</Filter>
    </ClInclude>
    <ClInclude Include="C:\Users\migue\Source\Repos\DownD\Down-sInjector\Blackbone\src\3rd_party\AsmJit\base\zone.h">
      <Filter>AsmJit\Core</Filter>
    </ClInclude>
    <ClInclude Include="C:\Users\migue\Source\Repos\DownD\Down-sInjector\Blackbone\src\3rd_party\AsmJit\x86\x86assembler.h">
      <Filter>AsmJit\Core</Filter>
    </ClInclude>
    <ClInclude Include="C:\Users\migue\Source\Repos\DownD\Down-sInjector\Blackbone\src\3rd_party\AsmJit\x86\x86compiler.h">
      <Filter>AsmJit\Core</Filter>
    </ClInclude>
    <ClInclude Include="C:\Users\migue\Source\Repos\DownD\Down-sInjector\Blackbone\src\3rd_party\AsmJit\x86\x86context_p.h">
      <Filter>AsmJit\Core</Filter>
    </ClInclude>
    <ClInclude Include="C:\Users\migue\Source\Repos\DownD\Down-sInjector\Blackbone\src\3rd_party\AsmJit\x86\x86cpuinfo.h">
      <Filter>AsmJit\Core</Filter>
    </ClInclude>
    <ClInclude Include="C:\Users\migue\Source\Repos\DownD\Down-sInjector\Blackbone\src\3rd_party\AsmJit\x86\x86inst.h">
      <Filter>AsmJit\Core</Filter>
    </ClInclude>
    <ClInclude Include="C:\Users\migue\Source\Repos\DownD\Down-sInjector\Blackbone\src\3rd_party\AsmJit\x86\x86operand.h">
      <Filter>AsmJit\Core</Filter>
    </ClInclude>
    <ClInclude Include="C:\Users\migue\Source\Repos\DownD\Down-sInjector\Blackbone\src\3rd_party\AsmJit\x86\x86scheduler_p.h">
      <Filter>AsmJit\Core</Filter>
    </ClInclude>
    <ClInclude Include="C:\Users\migue\Source\Repos\DownD\Down-sInjector\Blackbone\src\BlackBone\Asm\AsmFactory.h">
      <Filter>AsmJit\Helpers</Filter>
    </ClInclude>
    <ClInclude Include="C:\Users\migue\Source\Repos\DownD\Down-sInjector\Blackbone\src\BlackBone\Asm\AsmHelper32.h">
      <Filter>AsmJit\Helpers</Filter>
    </ClInclude>
    <ClInclude Include="C:\Users\migue\Source\Repos\DownD\Down-sInjector\Blackbone\src\BlackBone\Asm\AsmHelper64.h">
      <Filter>AsmJit\Helpers</Filter>
    </ClInclude>
    <ClInclude Include="C:\Users\migue\Source\Repos\DownD\Down-sInjector\Blackbone\src\BlackBone\Asm\IAsmHelper.h">
      <Filter>AsmJit\Helpers</Filter>
    </ClInclude>
    <ClInclude Include="C:\Users\migue\Source\Repos\DownD\Down-sInjector\Blackbone\src\BlackBone\Asm\AsmStack.hpp">
      <Filter>AsmJit\Helpers</Filter>
    </ClInclude>
    <ClInclude Include="C:\Users\migue\Source\Repos\DownD\Down-sInjector\Blackbone\src\BlackBone\Asm\AsmVariant.hpp">
      <Filter>AsmJit\Helpers</Filter>
    </ClInclude>
    <ClInclude Include="C:\Users\migue\Source\Repos\DownD\Down-sInjector\Blackbone\src\BlackBone\Asm\LDasm.h">
      <Filter>AsmJit\Helpers</Filter>
    </ClInclude>
    <ClInclude Include="C:\Users\migue\Source\Repos\DownD\Down-sInjector\Blackbone\src\BlackBone\DriverControl\DriverControl.h">
      <Filter>DriverControl</Filter>
    </ClInclude>
    <ClInclude Include="C:\Users\migue\Source\Repos\DownD\Down-sInjector\Blackbone\src\BlackBone\Include\ApiSet.h">
      <Filter>Include</Filter>
    </ClInclude>
    <ClInclude Include="C:\Users\migue\Source\Repos\DownD\Down-sInjector\Blackbone\src\BlackBone\Include\CallResult.h">
      <Filter>Include</Filter>
    </ClInclude>
    <ClInclude Include="C:\Users\migue\Source\Repos\DownD\Down-sInjector\Blackbone\src\BlackBone\Include\FunctionTypes.h">
      <Filter>Include</Filter>
    </ClInclude>
    <ClInclude Include="C:\Users\migue\Source\Repos\DownD\Down-sInjector\Blackbone\src\BlackBone\Include\HandleGuard.h">
      <Filter>Include</Filter>
    </ClInclude>
    <ClInclude Include="C:\Users\migue\Source\Repos\DownD\Down-sInjector\Blackbone\src\BlackBone\Include\Macro.h">
      <Filter>Include</Filter>
    </ClInclude>
    <ClInclude Include="C:\Users\migue\Source\Repos\DownD\Down-sInjector\Blackbone\src\BlackBone\Include\NativeStructures.h">
      <Filter>Include</Filter>
    </ClInclude>
    <ClInclude Include="C:\Users\migue\Source\Repos\DownD\Down-sInjector\Blackbone\src\BlackBone\Include\Types.h">
      <Filter>Include</Filter>
    </ClInclude>
    <ClInclude Include="C:\Users\migue\Source\Repos\DownD\Down-sInjector\Blackbone\src\BlackBone\Include\Win7Specific.h">
      <Filter>Include</Filter>
    </ClInclude>
    <ClInclude Include="C:\Users\migue\Source\Repos\DownD\Down-sInjector\Blackbone\src\BlackBone\Include\Win8Specific.h">
      <Filter>Include</Filter>
    </ClInclude>
    <ClInclude Include="C:\Users\migue\Source\Repos\DownD\Down-sInjector\Blackbone\src\BlackBone\Include\Winheaders.h">
      <Filter>Include</Filter>
    </ClInclude>
    <ClInclude Include="C:\Users\migue\Source\Repos\DownD\Down-sInjector\Blackbone\src\BlackBone\Include\WinXPSpecific.h">
      <Filter>Include</Filter>
    </ClInclude>
    <ClInclude Include="C:\Users\migue\Source\Repos\DownD\Down-sInjector\Blackbone\src\BlackBone\LocalHook\HookHandlerCdecl.h">
      <Filter>LocalHook</Filter>
    </ClInclude>
    <ClInclude Include="C:\Users\migue\Source\Repos\DownD\Down-sInjector\Blackbone\src\BlackBone\LocalHook\HookHandlerFastcall.h">
      <Filter>LocalHook</Filter>
    </ClInclude>
    <ClInclude Include="C:\Users\migue\Source\Repos\DownD\Down-sInjector\Blackbone\src\BlackBone\LocalHook\HookHandlers.h">
      <Filter>LocalHook</Filter>
    </ClInclude>
    <ClInclude Include="C:\Users\migue\Source\Repos\DownD\Down-sInjector\Blackbone\src\BlackBone\LocalHook\HookHandlerStdcall.h">
      <Filter>LocalHook</Filter>
    </ClInclude>
    <ClInclude Include="C:\Users\migue\Source\Repos\DownD\Down-sInjector\Blackbone\src\BlackBone\LocalHook\HookHandlerThiscall.h">
      <Filter>LocalHook</Filter>
    </ClInclude>
    <ClInclude Include="C:\Users\migue\Source\Repos\DownD\Down-sInjector\Blackbone\src\BlackBone\LocalHook\LocalHook.hpp">
      <Filter>LocalHook</Filter>
    </ClInclude>
    <ClInclude Include="C:\Users\migue\Source\Repos\DownD\Down-sInjector\Blackbone\src\BlackBone\LocalHook\LocalHookBase.h">
      <Filter>LocalHook</Filter>
    </ClInclude>
    <ClInclude Include="C:\Users\migue\Source\Repos\DownD\Down-sInjector\Blackbone\src\BlackBone\LocalHook\TraceHook.h">
      <Filter>LocalHook</Filter>
    </ClInclude>
    <ClInclude Include="C:\Users\migue\Source\Repos\DownD\Down-sInjector\Blackbone\src\BlackBone\LocalHook\VTableHook.hpp">
      <Filter>LocalHook</Filter>
    </ClInclude>
    <ClInclude Include="C:\Users\migue\Source\Repos\DownD\Down-sInjector\Blackbone\src\BlackBone\ManualMap\MExcept.h">
      <Filter>ManualMap</Filter>
    </ClInclude>
    <ClInclude Include="C:\Users\migue\Source\Repos\DownD\Down-sInjector\Blackbone\src\BlackBone\ManualMap\MMap.h">
      <Filter>ManualMap</Filter>
    </ClInclude>
    <ClInclude Include="C:\Users\migue\Source\Repos\DownD\Down-sInjector\Blackbone\src\BlackBone\ManualMap\Native\NtLoader.h">
      <Filter>ManualMap</Filter>
    </ClInclude>
    <ClInclude Include="C:\Users\migue\Source\Repos\DownD\Down-sInjector\Blackbone\src\BlackBone\Misc\DynImport.h">
      <Filter>Misc</Filter>
    </ClInclude>
    <ClInclude Include="C:\Users\migue\Source\Repos\DownD\Down-sInjector\Blackbone\src\BlackBone\Misc\InitOnce.h">
      <Filter>Misc</Filter>
    </ClInclude>
    <ClInclude Include="C:\Users\migue\Source\Repos\DownD\Down-sInjector\Blackbone\src\BlackBone\Misc\NameResolve.h">
      <Filter>Misc</Filter>
    </ClInclude>
    <ClInclude Include="C:\Users\migue\Source\Repos\DownD\Down-sInjector\Blackbone\src\BlackBone\Misc\Thunk.hpp">
      <Filter>Misc</Filter>
    </ClInclude>
    <ClInclude Include="C:\Users\migue\Source\Repos\DownD\Down-sInjector\Blackbone\src\BlackBone\Misc\Trace.hpp">
      <Filter>Misc</Filter>
    </ClInclude>
    <ClInclude Include="C:\Users\migue\Source\Repos\DownD\Down-sInjector\Blackbone\src\BlackBone\Misc\Utils.h">
      <Filter>Misc</Filter>
    </ClInclude>
    <ClInclude Include="C:\Users\migue\Source\Repos\DownD\Down-sInjector\Blackbone\src\BlackBone\Patterns\PatternSearch.h">
      <Filter>Patterns</Filter>
    </ClInclude>
    <ClInclude Include="C:\Users\migue\Source\Repos\DownD\Down-sInjector\Blackbone\src\BlackBone\PE\ImageNET.h">
      <Filter>PE</Filter>
    </ClInclude>
    <ClInclude Include="C:\Users\migue\Source\Repos\DownD\Down-sInjector\Blackbone\src\BlackBone\PE\PEImage.h">
      <Filter>PE</Filter>
    </ClInclude>
    <ClInclude Include="C:\Users\migue\Source\Repos\DownD\Down-sInjector\Blackbone\src\BlackBone\Process\MemBlock.h">
      <Filter>Process</Filter>
    </ClInclude>
    <ClInclude Include="C:\Users\migue\Source\Repos\DownD\Down-sInjector\Blackbone\src\BlackBone\Process\Process.h">
      <Filter>Process</Filter>
    </ClInclude>
    <ClInclude Include="C:\Users\migue\Source\Repos\DownD\Down-sInjector\Blackbone\src\BlackBone\Process\ProcessCore.h">
      <Filter>Process</Filter>
    </ClInclude>
    <ClInclude Include="C:\Users\migue\Source\Repos\DownD\Down-sInjector\Blackbone\src\BlackBone\Process\ProcessMemory.h">
      <Filter>Process</Filter>
    </ClInclude>
    <ClInclude Include="C:\Users\migue\Source\Repos\DownD\Down-sInjector\Blackbone\src\BlackBone\Process\ProcessModules.h">
      <Filter>Process</Filter>
    </ClInclude>
    <ClInclude Include="C:\Users\migue\Source\Repos\DownD\Down-sInjector\Blackbone\src\BlackBone\Process\RPC\RemoteContext.hpp">
      <Filter>Process\Remote</Filter>
    </ClInclude>
    <ClInclude Include="C:\Users\migue\Source\Repos\DownD\Down-sInjector\Blackbone\src\BlackBone\Process\RPC\RemoteExec.h">
      <Filter>Process\Remote</Filter>
    </ClInclude>
    <ClInclude Include="C:\Users\migue\Source\Repos\DownD\Down-sInjector\Blackbone\src\BlackBone\Process\RPC\RemoteFunction.hpp">
      <Filter>Process\Remote</Filter>
    </ClInclude>
    <ClInclude Include="C:\Users\migue\Source\Repos\DownD\Down-sInjector\Blackbone\src\BlackBone\Process\RPC\RemoteHook.h">
      <Filter>Process\Remote</Filter>
    </ClInclude>
    <ClInclude Include="C:\Users\migue\Source\Repos\DownD\Down-sInjector\Blackbone\src\BlackBone\Process\RPC\RemoteLocalHook.h">
      <Filter>Process\Remote</Filter>
    </ClInclude>
    <ClInclude Include="C:\Users\migue\Source\Repos\DownD\Down-sInjector\Blackbone\src\BlackBone\Process\RPC\RemoteMemory.h">
      <Filter>Process\Remote</Filter>
    </ClInclude>
    <ClInclude Include="C:\Users\migue\Source\Repos\DownD\Down-sInjector\Blackbone\src\BlackBone\Process\Threads\Thread.h">
      <Filter>Process\Threads</Filter>
    </ClInclude>
    <ClInclude Include="C:\Users\migue\Source\Repos\DownD\Down-sInjector\Blackbone\src\BlackBone\Process\Threads\Threads.h">
      <Filter>Process\Threads</Filter>
    </ClInclude>
    <ClInclude Include="C:\Users\migue\Source\Repos\DownD\Down-sInjector\Blackbone\src\BlackBone\Subsystem\NativeSubsystem.h">
      <Filter>Subsystem</Filter>
    </ClInclude>
    <ClInclude Include="C:\Users\migue\Source\Repos\DownD\Down-sInjector\Blackbone\src\BlackBone\Subsystem\Wow64Subsystem.h">
      <Filter>Subsystem</Filter>
    </ClInclude>
    <ClInclude Include="C:\Users\migue\Source\Repos\DownD\Down-sInjector\Blackbone\src\BlackBone\Subsystem\x86Subsystem.h">
      <Filter>Subsystem</Filter>
    </ClInclude>
    <ClInclude Include="C:\Users\migue\Source\Repos\DownD\Down-sInjector\Blackbone\src\3rd_party\rewolf-wow64ext\src\wow64ext.h">
      <Filter>Subsystem</Filter>
    </ClInclude>
    <ClInclude Include="C:\Users\migue\Source\Repos\DownD\Down-sInjector\Blackbone\src\BlackBone\Symbols\PatternLoader.h">
      <Filter>Symbols</Filter>
    </ClInclude>
    <ClInclude Include="C:\Users\migue\Source\Repos\DownD\Down-sInjector\Blackbone\src\BlackBone\Symbols\PDBHelper.h">
      <Filter>Symbols</Filter>
    </ClInclude>
    <ClInclude Include="C:\Users\migue\Source\Repos\DownD\Down-sInjector\Blackbone\src\BlackBone\Symbols\SymbolData.h">
      <Filter>Symbols</Filter>
    </ClInclude>
    <ClInclude Include="C:\Users\migue\Source\Repos\DownD\Down-sInjector\Blackbone\src\BlackBone\Symbols\SymbolLoader.h">
      <Filter>Symbols</Filter>
    </ClInclude>
    <ClInclude Include="C:\Users\migue\Source\Repos\DownD\Down-sInjector\Blackbone\src\BlackBone\Syscalls\Syscall.h">
      <Filter>Syscalls</Filter>
    </ClInclude>
    <ClInclude Include="C:\Users\migue\Source\Repos\DownD\Down-sInjector\Blackbone\src\BlackBone\Config.h">
      <Filter>Header Files</Filter>
    </ClInclude>
  </ItemGroup>
  <ItemGroup>
    <CustomBuild Include="C:\Users\migue\Source\Repos\DownD\Down-sInjector\Blackbone\src\BlackBone\CMakeLists.txt" />
  </ItemGroup>
  <ItemGroup>
    <MASM Include="C:\Users\migue\Source\Repos\DownD\Down-sInjector\Blackbone\src\BlackBone\Syscalls\Syscall64.asm">
      <Filter>Syscalls</Filter>
    </MASM>
  </ItemGroup>
  <ItemGroup>
    <Filter Include="AsmJit">
      <UniqueIdentifier>{67456116-36B4-38F7-B547-759ABF343A3C}</UniqueIdentifier>
    </Filter>
    <Filter Include="AsmJit\Core">
      <UniqueIdentifier>{B8F5008C-96E9-3784-AF5F-400F6CDE7EC6}</UniqueIdentifier>
    </Filter>
    <Filter Include="AsmJit\Helpers">
      <UniqueIdentifier>{BE47CC0F-320D-3E9F-8C69-DD987ACEE513}</UniqueIdentifier>
    </Filter>
    <Filter Include="DriverControl">
      <UniqueIdentifier>{E339B153-E48A-3E7F-9C62-54FAFD8C3C8D}</UniqueIdentifier>
    </Filter>
    <Filter Include="Header Files">
      <UniqueIdentifier>{BFCB456E-7660-3E6D-901B-AE3E4C353903}</UniqueIdentifier>
    </Filter>
    <Filter Include="Include">
      <UniqueIdentifier>{64F64303-7189-3AF7-BB3C-717B32BDD791}</UniqueIdentifier>
    </Filter>
    <Filter Include="LocalHook">
      <UniqueIdentifier>{8F538DFB-FE0C-3E35-ADEB-44A0CE944B4D}</UniqueIdentifier>
    </Filter>
    <Filter Include="ManualMap">
      <UniqueIdentifier>{C1589550-54E1-3D0C-8014-2F237720C22E}</UniqueIdentifier>
    </Filter>
    <Filter Include="Misc">
      <UniqueIdentifier>{B3819C3B-9A19-3DEC-B76A-09E63B21F38C}</UniqueIdentifier>
    </Filter>
    <Filter Include="PE">
      <UniqueIdentifier>{4C03209F-BC74-346B-BAF7-D3A8C38A68F4}</UniqueIdentifier>
    </Filter>
    <Filter Include="Patterns">
      <UniqueIdentifier>{76F03C34-E64D-3979-A5BF-B18981579944}</UniqueIdentifier>
    </Filter>
    <Filter Include="Process">
      <UniqueIdentifier>{7BF73360-54F5-3ACB-B934-78EB53112ABD}</UniqueIdentifier>
    </Filter>
    <Filter Include="Process\Remote">
      <UniqueIdentifier>{3CAA3869-3A73-3507-9D71-10582355C546}</UniqueIdentifier>
    </Filter>
    <Filter Include="Process\Threads">
      <UniqueIdentifier>{4AA70CE2-AD20-3678-981F-2A779625EEFC}</UniqueIdentifier>
    </Filter>
    <Filter Include="Subsystem">
      <UniqueIdentifier>{C190E4B9-D850-3D81-8E4B-59916C899EA9}</UniqueIdentifier>
    </Filter>
    <Filter Include="Symbols">
      <UniqueIdentifier>{90ACA0C3-3551-3866-B5DF-857E7A8D3E46}</UniqueIdentifier>
    </Filter>
    <Filter Include="Syscalls">
      <UniqueIdentifier>{35F86D25-B057-3DC0-8ED0-A9FE278E7E7F}</UniqueIdentifier>
    </Filter>
  </ItemGroup>
</Project>
