<?xml version="1.0" encoding="utf-8"?>
<Project ToolsVersion="16.0" xmlns="http://schemas.microsoft.com/developer/msbuild/2003">
  <ItemGroup>
    <CustomBuild Include="C:\Users\migue\Source\Repos\DownD\Down-sInjector\Blackbone\src\CMakeFiles\0151836badc602b7df5bfe1c186012b1\generate.stamp.rule">
      <Filter>CMake Rules</Filter>
    </CustomBuild>
  </ItemGroup>
  <ItemGroup>
    <Filter Include="CMake Rules">
      <UniqueIdentifier>{859D893B-B6A6-3807-B91C-21B078BE9BDB}</UniqueIdentifier>
    </Filter>
  </ItemGroup>
</Project>
